
Microsoft Visual Studio Solution File, Format Version 12.00
# Visual Studio Version 17
VisualStudioVersion = 17.5.33414.496
MinimumVisualStudioVersion = 10.0.40219.1
Project("{9A19103F-16F7-4668-BE54-9A1E7A4F7556}") = "loppis", "loppis.csproj", "{CFC0E59B-038C-4822-911A-29075B7D3081}"
EndProject
Project("{9A19103F-16F7-4668-BE54-9A1E7A4F7556}") = "LoppisTest", "LoppisTest\LoppisTest.csproj", "{44ABA8D9-8AAC-45BE-B2CF-0EC1416CCFCA}"
EndProject
Global
	GlobalSection(SolutionConfigurationPlatforms) = preSolution
		Debug|Any CPU = Debug|Any CPU
		Release|Any CPU = Release|Any CPU
	EndGlobalSection
	GlobalSection(ProjectConfigurationPlatforms) = postSolution
		{CFC0E59B-038C-4822-911A-29075B7D3081}.Debug|Any CPU.ActiveCfg = Debug|Any CPU
		{CFC0E59B-038C-4822-911A-29075B7D3081}.Debug|Any CPU.Build.0 = Debug|Any CPU
		{CFC0E59B-038C-4822-911A-29075B7D3081}.Release|Any CPU.ActiveCfg = Release|Any CPU
		{CFC0E59B-038C-4822-911A-29075B7D3081}.Release|Any CPU.Build.0 = Release|Any CPU
		{44ABA8D9-8AAC-45BE-B2CF-0EC1416CCFCA}.Debug|Any CPU.ActiveCfg = Debug|Any CPU
		{44ABA8D9-8AAC-45BE-B2CF-0EC1416CCFCA}.Debug|Any CPU.Build.0 = Debug|Any CPU
		{44ABA8D9-8AAC-45BE-B2CF-0EC1416CCFCA}.Release|Any CPU.ActiveCfg = Release|Any CPU
		{44ABA8D9-8AAC-45BE-B2CF-0EC1416CCFCA}.Release|Any CPU.Build.0 = Release|Any CPU
	EndGlobalSection
	GlobalSection(SolutionProperties) = preSolution
		HideSolutionNode = FALSE
	EndGlobalSection
	GlobalSection(ExtensibilityGlobals) = postSolution
		SolutionGuid = {C7C9274A-0FE4-4E8C-9609-9AFDA3DDED87}
	EndGlobalSection
EndGlobal
